
Microsoft Visual Studio Solution File, Format Version 12.00
# Visual Studio Version 17
VisualStudioVersion = 17.11.35208.52
MinimumVisualStudioVersion = 10.0.40219.1
Project("{FAE04EC0-301F-11D3-BF4B-00C04F79EFBC}") = "arrayEjercicios3", "arrayEjercicios3\arrayEjercicios3.csproj", "{582669E6-B9CA-4146-B98B-348EFB7C0BB8}"
EndProject
Global
	GlobalSection(SolutionConfigurationPlatforms) = preSolution
		Debug|Any CPU = Debug|Any CPU
		Release|Any CPU = Release|Any CPU
	EndGlobalSection
	GlobalSection(ProjectConfigurationPlatforms) = postSolution
		{582669E6-B9CA-4146-B98B-348EFB7C0BB8}.Debug|Any CPU.ActiveCfg = Debug|Any CPU
		{582669E6-B9CA-4146-B98B-348EFB7C0BB8}.Debug|Any CPU.Build.0 = Debug|Any CPU
		{582669E6-B9CA-4146-B98B-348EFB7C0BB8}.Release|Any CPU.ActiveCfg = Release|Any CPU
		{582669E6-B9CA-4146-B98B-348EFB7C0BB8}.Release|Any CPU.Build.0 = Release|Any CPU
	EndGlobalSection
	GlobalSection(SolutionProperties) = preSolution
		HideSolutionNode = FALSE
	EndGlobalSection
	GlobalSection(ExtensibilityGlobals) = postSolution
		SolutionGuid = {45E8C6A0-D0D7-40E5-B8AF-B6F93171AD03}
	EndGlobalSection
EndGlobal
